// !$*UTF8*$!
{
	archiveVersion = 1;
	classes = {
	};
	objectVersion = 55;
	objects = {

/* Begin PBXBuildFile section */
		5A1041BD28CB898300A88170 /* JSONVC.swift in Sources */ = {isa = PBXBuildFile; fileRef = 5A1041BC28CB898300A88170 /* JSONVC.swift */; };
		5A1041C128CC4CF100A88170 /* Dataset.json in Resources */ = {isa = PBXBuildFile; fileRef = 5A1041C028CC4CF100A88170 /* Dataset.json */; };
		5A1041C328CC4EF800A88170 /* ImageVC.swift in Sources */ = {isa = PBXBuildFile; fileRef = 5A1041C228CC4EF800A88170 /* ImageVC.swift */; };
		5A403DF428C5313D007B97D4 /* AppDelegate.swift in Sources */ = {isa = PBXBuildFile; fileRef = 5A403DF328C5313D007B97D4 /* AppDelegate.swift */; };
		5A403DF628C5313D007B97D4 /* SceneDelegate.swift in Sources */ = {isa = PBXBuildFile; fileRef = 5A403DF528C5313D007B97D4 /* SceneDelegate.swift */; };
		5A403DF828C5313D007B97D4 /* ContentListVC.swift in Sources */ = {isa = PBXBuildFile; fileRef = 5A403DF728C5313D007B97D4 /* ContentListVC.swift */; };
		5A403DFB28C5313D007B97D4 /* Main.storyboard in Resources */ = {isa = PBXBuildFile; fileRef = 5A403DF928C5313D007B97D4 /* Main.storyboard */; };
		5A403DFD28C5313E007B97D4 /* Assets.xcassets in Resources */ = {isa = PBXBuildFile; fileRef = 5A403DFC28C5313E007B97D4 /* Assets.xcassets */; };
		5A403E0028C5313E007B97D4 /* LaunchScreen.storyboard in Resources */ = {isa = PBXBuildFile; fileRef = 5A403DFE28C5313E007B97D4 /* LaunchScreen.storyboard */; };
		5A403E0B28C53218007B97D4 /* DataMap.swift in Sources */ = {isa = PBXBuildFile; fileRef = 5A403E0928C53218007B97D4 /* DataMap.swift */; };
		5A403E0C28C53218007B97D4 /* ListData.swift in Sources */ = {isa = PBXBuildFile; fileRef = 5A403E0A28C53218007B97D4 /* ListData.swift */; };
		5A403E1928C53394007B97D4 /* ViewEx.swift in Sources */ = {isa = PBXBuildFile; fileRef = 5A403E1328C53394007B97D4 /* ViewEx.swift */; };
		5A403E1A28C53394007B97D4 /* LabelEx.swift in Sources */ = {isa = PBXBuildFile; fileRef = 5A403E1428C53394007B97D4 /* LabelEx.swift */; };
		5A403E1B28C53394007B97D4 /* TableEx.swift in Sources */ = {isa = PBXBuildFile; fileRef = 5A403E1528C53394007B97D4 /* TableEx.swift */; };
		5A403E1E28C53433007B97D4 /* ImageTVC.swift in Sources */ = {isa = PBXBuildFile; fileRef = 5A403E1D28C53433007B97D4 /* ImageTVC.swift */; };
		5A403E2128C534CC007B97D4 /* contentListVM.swift in Sources */ = {isa = PBXBuildFile; fileRef = 5A403E2028C534CC007B97D4 /* contentListVM.swift */; };
		5A403E2328C535B9007B97D4 /* ResponseArray.swift in Sources */ = {isa = PBXBuildFile; fileRef = 5A403E2228C535B9007B97D4 /* ResponseArray.swift */; };
		5A403E2E28C87BD3007B97D4 /* OptionTVC.swift in Sources */ = {isa = PBXBuildFile; fileRef = 5A403E2D28C87BD3007B97D4 /* OptionTVC.swift */; };
		5A403E3028C87BDB007B97D4 /* CommentTVC.swift in Sources */ = {isa = PBXBuildFile; fileRef = 5A403E2F28C87BDB007B97D4 /* CommentTVC.swift */; };
/* End PBXBuildFile section */

/* Begin PBXFileReference section */
		5A1041BC28CB898300A88170 /* JSONVC.swift */ = {isa = PBXFileReference; lastKnownFileType = sourcecode.swift; path = JSONVC.swift; sourceTree = "<group>"; };
		5A1041C028CC4CF100A88170 /* Dataset.json */ = {isa = PBXFileReference; lastKnownFileType = text.json; path = Dataset.json; sourceTree = "<group>"; };
		5A1041C228CC4EF800A88170 /* ImageVC.swift */ = {isa = PBXFileReference; lastKnownFileType = sourcecode.swift; path = ImageVC.swift; sourceTree = "<group>"; };
		5A403DF028C5313D007B97D4 /* Locus.app */ = {isa = PBXFileReference; explicitFileType = wrapper.application; includeInIndex = 0; path = Locus.app; sourceTree = BUILT_PRODUCTS_DIR; };
		5A403DF328C5313D007B97D4 /* AppDelegate.swift */ = {isa = PBXFileReference; lastKnownFileType = sourcecode.swift; path = AppDelegate.swift; sourceTree = "<group>"; };
		5A403DF528C5313D007B97D4 /* SceneDelegate.swift */ = {isa = PBXFileReference; lastKnownFileType = sourcecode.swift; path = SceneDelegate.swift; sourceTree = "<group>"; };
		5A403DF728C5313D007B97D4 /* ContentListVC.swift */ = {isa = PBXFileReference; lastKnownFileType = sourcecode.swift; path = ContentListVC.swift; sourceTree = "<group>"; };
		5A403DFA28C5313D007B97D4 /* Base */ = {isa = PBXFileReference; lastKnownFileType = file.storyboard; name = Base; path = Base.lproj/Main.storyboard; sourceTree = "<group>"; };
		5A403DFC28C5313E007B97D4 /* Assets.xcassets */ = {isa = PBXFileReference; lastKnownFileType = folder.assetcatalog; path = Assets.xcassets; sourceTree = "<group>"; };
		5A403DFF28C5313E007B97D4 /* Base */ = {isa = PBXFileReference; lastKnownFileType = file.storyboard; name = Base; path = Base.lproj/LaunchScreen.storyboard; sourceTree = "<group>"; };
		5A403E0128C5313E007B97D4 /* Info.plist */ = {isa = PBXFileReference; lastKnownFileType = text.plist.xml; path = Info.plist; sourceTree = "<group>"; };
		5A403E0928C53218007B97D4 /* DataMap.swift */ = {isa = PBXFileReference; fileEncoding = 4; lastKnownFileType = sourcecode.swift; path = DataMap.swift; sourceTree = "<group>"; };
		5A403E0A28C53218007B97D4 /* ListData.swift */ = {isa = PBXFileReference; fileEncoding = 4; lastKnownFileType = sourcecode.swift; path = ListData.swift; sourceTree = "<group>"; };
		5A403E1328C53394007B97D4 /* ViewEx.swift */ = {isa = PBXFileReference; fileEncoding = 4; lastKnownFileType = sourcecode.swift; path = ViewEx.swift; sourceTree = "<group>"; };
		5A403E1428C53394007B97D4 /* LabelEx.swift */ = {isa = PBXFileReference; fileEncoding = 4; lastKnownFileType = sourcecode.swift; path = LabelEx.swift; sourceTree = "<group>"; };
		5A403E1528C53394007B97D4 /* TableEx.swift */ = {isa = PBXFileReference; fileEncoding = 4; lastKnownFileType = sourcecode.swift; path = TableEx.swift; sourceTree = "<group>"; };
		5A403E1D28C53433007B97D4 /* ImageTVC.swift */ = {isa = PBXFileReference; fileEncoding = 4; lastKnownFileType = sourcecode.swift; path = ImageTVC.swift; sourceTree = "<group>"; };
		5A403E2028C534CC007B97D4 /* contentListVM.swift */ = {isa = PBXFileReference; fileEncoding = 4; lastKnownFileType = sourcecode.swift; path = contentListVM.swift; sourceTree = "<group>"; };
		5A403E2228C535B9007B97D4 /* ResponseArray.swift */ = {isa = PBXFileReference; lastKnownFileType = sourcecode.swift; path = ResponseArray.swift; sourceTree = "<group>"; };
		5A403E2D28C87BD3007B97D4 /* OptionTVC.swift */ = {isa = PBXFileReference; lastKnownFileType = sourcecode.swift; path = OptionTVC.swift; sourceTree = "<group>"; };
		5A403E2F28C87BDB007B97D4 /* CommentTVC.swift */ = {isa = PBXFileReference; lastKnownFileType = sourcecode.swift; path = CommentTVC.swift; sourceTree = "<group>"; };
/* End PBXFileReference section */

/* Begin PBXFrameworksBuildPhase section */
		5A403DED28C5313D007B97D4 /* Frameworks */ = {
			isa = PBXFrameworksBuildPhase;
			buildActionMask = 2147483647;
			files = (
			);
			runOnlyForDeploymentPostprocessing = 0;
		};
/* End PBXFrameworksBuildPhase section */

/* Begin PBXGroup section */
		5A403DE728C5313D007B97D4 = {
			isa = PBXGroup;
			children = (
				5A403DF228C5313D007B97D4 /* Locus */,
				5A403DF128C5313D007B97D4 /* Products */,
			);
			sourceTree = "<group>";
		};
		5A403DF128C5313D007B97D4 /* Products */ = {
			isa = PBXGroup;
			children = (
				5A403DF028C5313D007B97D4 /* Locus.app */,
			);
			name = Products;
			sourceTree = "<group>";
		};
		5A403DF228C5313D007B97D4 /* Locus */ = {
			isa = PBXGroup;
			children = (
				5A403E0828C53159007B97D4 /* Storyboard */,
				5A403E0F28C53387007B97D4 /* Extension */,
				5A403E0728C53145007B97D4 /* Delegate */,
				5A403E0E28C53223007B97D4 /* MVVM */,
				5A403DFC28C5313E007B97D4 /* Assets.xcassets */,
				5A403E0128C5313E007B97D4 /* Info.plist */,
			);
			path = Locus;
			sourceTree = "<group>";
		};
		5A403E0728C53145007B97D4 /* Delegate */ = {
			isa = PBXGroup;
			children = (
				5A403DF328C5313D007B97D4 /* AppDelegate.swift */,
				5A403DF528C5313D007B97D4 /* SceneDelegate.swift */,
			);
			path = Delegate;
			sourceTree = "<group>";
		};
		5A403E0828C53159007B97D4 /* Storyboard */ = {
			isa = PBXGroup;
			children = (
				5A403DF928C5313D007B97D4 /* Main.storyboard */,
				5A403DFE28C5313E007B97D4 /* LaunchScreen.storyboard */,
			);
			path = Storyboard;
			sourceTree = "<group>";
		};
		5A403E0D28C5321D007B97D4 /* Model */ = {
			isa = PBXGroup;
			children = (
				5A403E0928C53218007B97D4 /* DataMap.swift */,
				5A403E0A28C53218007B97D4 /* ListData.swift */,
				5A403E2228C535B9007B97D4 /* ResponseArray.swift */,
			);
			path = Model;
			sourceTree = "<group>";
		};
		5A403E0E28C53223007B97D4 /* MVVM */ = {
			isa = PBXGroup;
			children = (
				5A403DF728C5313D007B97D4 /* ContentListVC.swift */,
				5A1041BC28CB898300A88170 /* JSONVC.swift */,
				5A1041C228CC4EF800A88170 /* ImageVC.swift */,
				5A403E0D28C5321D007B97D4 /* Model */,
				5A403E1C28C53428007B97D4 /* View */,
				5A403E1F28C53499007B97D4 /* ViewModel */,
			);
			path = MVVM;
			sourceTree = "<group>";
		};
		5A403E0F28C53387007B97D4 /* Extension */ = {
			isa = PBXGroup;
			children = (
				5A403E1328C53394007B97D4 /* ViewEx.swift */,
				5A403E1428C53394007B97D4 /* LabelEx.swift */,
				5A403E1528C53394007B97D4 /* TableEx.swift */,
			);
			path = Extension;
			sourceTree = "<group>";
		};
		5A403E1C28C53428007B97D4 /* View */ = {
			isa = PBXGroup;
			children = (
				5A403E1D28C53433007B97D4 /* ImageTVC.swift */,
				5A403E2D28C87BD3007B97D4 /* OptionTVC.swift */,
				5A403E2F28C87BDB007B97D4 /* CommentTVC.swift */,
			);
			path = View;
			sourceTree = "<group>";
		};
		5A403E1F28C53499007B97D4 /* ViewModel */ = {
			isa = PBXGroup;
			children = (
				5A1041C028CC4CF100A88170 /* Dataset.json */,
				5A403E2028C534CC007B97D4 /* contentListVM.swift */,
			);
			path = ViewModel;
			sourceTree = "<group>";
		};
/* End PBXGroup section */

/* Begin PBXNativeTarget section */
		5A403DEF28C5313D007B97D4 /* Locus */ = {
			isa = PBXNativeTarget;
			buildConfigurationList = 5A403E0428C5313E007B97D4 /* Build configuration list for PBXNativeTarget "Locus" */;
			buildPhases = (
				5A403DEC28C5313D007B97D4 /* Sources */,
				5A403DED28C5313D007B97D4 /* Frameworks */,
				5A403DEE28C5313D007B97D4 /* Resources */,
			);
			buildRules = (
			);
			dependencies = (
			);
			name = Locus;
			productName = Locus;
			productReference = 5A403DF028C5313D007B97D4 /* Locus.app */;
			productType = "com.apple.product-type.application";
		};
/* End PBXNativeTarget section */

/* Begin PBXProject section */
		5A403DE828C5313D007B97D4 /* Project object */ = {
			isa = PBXProject;
			attributes = {
				BuildIndependentTargetsInParallel = 1;
				LastSwiftUpdateCheck = 1330;
				LastUpgradeCheck = 1330;
				TargetAttributes = {
					5A403DEF28C5313D007B97D4 = {
						CreatedOnToolsVersion = 13.3.1;
					};
				};
			};
			buildConfigurationList = 5A403DEB28C5313D007B97D4 /* Build configuration list for PBXProject "Locus" */;
			compatibilityVersion = "Xcode 13.0";
			developmentRegion = en;
			hasScannedForEncodings = 0;
			knownRegions = (
				en,
				Base,
			);
			mainGroup = 5A403DE728C5313D007B97D4;
			productRefGroup = 5A403DF128C5313D007B97D4 /* Products */;
			projectDirPath = "";
			projectRoot = "";
			targets = (
				5A403DEF28C5313D007B97D4 /* Locus */,
			);
		};
/* End PBXProject section */

/* Begin PBXResourcesBuildPhase section */
		5A403DEE28C5313D007B97D4 /* Resources */ = {
			isa = PBXResourcesBuildPhase;
			buildActionMask = 2147483647;
			files = (
				5A403E0028C5313E007B97D4 /* LaunchScreen.storyboard in Resources */,
				5A403DFD28C5313E007B97D4 /* Assets.xcassets in Resources */,
				5A1041C128CC4CF100A88170 /* Dataset.json in Resources */,
				5A403DFB28C5313D007B97D4 /* Main.storyboard in Resources */,
			);
			runOnlyForDeploymentPostprocessing = 0;
		};
/* End PBXResourcesBuildPhase section */

/* Begin PBXSourcesBuildPhase section */
		5A403DEC28C5313D007B97D4 /* Sources */ = {
			isa = PBXSourcesBuildPhase;
			buildActionMask = 2147483647;
			files = (
				5A403E3028C87BDB007B97D4 /* CommentTVC.swift in Sources */,
				5A403E0B28C53218007B97D4 /* DataMap.swift in Sources */,
				5A1041C328CC4EF800A88170 /* ImageVC.swift in Sources */,
				5A403E1A28C53394007B97D4 /* LabelEx.swift in Sources */,
				5A403E1E28C53433007B97D4 /* ImageTVC.swift in Sources */,
				5A403DF828C5313D007B97D4 /* ContentListVC.swift in Sources */,
				5A403E1928C53394007B97D4 /* ViewEx.swift in Sources */,
				5A1041BD28CB898300A88170 /* JSONVC.swift in Sources */,
				5A403E2E28C87BD3007B97D4 /* OptionTVC.swift in Sources */,
				5A403E1B28C53394007B97D4 /* TableEx.swift in Sources */,
				5A403E2128C534CC007B97D4 /* contentListVM.swift in Sources */,
				5A403E2328C535B9007B97D4 /* ResponseArray.swift in Sources */,
				5A403DF428C5313D007B97D4 /* AppDelegate.swift in Sources */,
				5A403E0C28C53218007B97D4 /* ListData.swift in Sources */,
				5A403DF628C5313D007B97D4 /* SceneDelegate.swift in Sources */,
			);
			runOnlyForDeploymentPostprocessing = 0;
		};
/* End PBXSourcesBuildPhase section */

/* Begin PBXVariantGroup section */
		5A403DF928C5313D007B97D4 /* Main.storyboard */ = {
			isa = PBXVariantGroup;
			children = (
				5A403DFA28C5313D007B97D4 /* Base */,
			);
			name = Main.storyboard;
			sourceTree = "<group>";
		};
		5A403DFE28C5313E007B97D4 /* LaunchScreen.storyboard */ = {
			isa = PBXVariantGroup;
			children = (
				5A403DFF28C5313E007B97D4 /* Base */,
			);
			name = LaunchScreen.storyboard;
			sourceTree = "<group>";
		};
/* End PBXVariantGroup section */

/* Begin XCBuildConfiguration section */
		5A403E0228C5313E007B97D4 /* Debug */ = {
			isa = XCBuildConfiguration;
			buildSettings = {
				ALWAYS_SEARCH_USER_PATHS = NO;
				CLANG_ANALYZER_NONNULL = YES;
				CLANG_ANALYZER_NUMBER_OBJECT_CONVERSION = YES_AGGRESSIVE;
				CLANG_CXX_LANGUAGE_STANDARD = "gnu++17";
				CLANG_ENABLE_MODULES = YES;
				CLANG_ENABLE_OBJC_ARC = YES;
				CLANG_ENABLE_OBJC_WEAK = YES;
				CLANG_WARN_BLOCK_CAPTURE_AUTORELEASING = YES;
				CLANG_WARN_BOOL_CONVERSION = YES;
				CLANG_WARN_COMMA = YES;
				CLANG_WARN_CONSTANT_CONVERSION = YES;
				CLANG_WARN_DEPRECATED_OBJC_IMPLEMENTATIONS = YES;
				CLANG_WARN_DIRECT_OBJC_ISA_USAGE = YES_ERROR;
				CLANG_WARN_DOCUMENTATION_COMMENTS = YES;
				CLANG_WARN_EMPTY_BODY = YES;
				CLANG_WARN_ENUM_CONVERSION = YES;
				CLANG_WARN_INFINITE_RECURSION = YES;
				CLANG_WARN_INT_CONVERSION = YES;
				CLANG_WARN_NON_LITERAL_NULL_CONVERSION = YES;
				CLANG_WARN_OBJC_IMPLICIT_RETAIN_SELF = YES;
				CLANG_WARN_OBJC_LITERAL_CONVERSION = YES;
				CLANG_WARN_OBJC_ROOT_CLASS = YES_ERROR;
				CLANG_WARN_QUOTED_INCLUDE_IN_FRAMEWORK_HEADER = YES;
				CLANG_WARN_RANGE_LOOP_ANALYSIS = YES;
				CLANG_WARN_STRICT_PROTOTYPES = YES;
				CLANG_WARN_SUSPICIOUS_MOVE = YES;
				CLANG_WARN_UNGUARDED_AVAILABILITY = YES_AGGRESSIVE;
				CLANG_WARN_UNREACHABLE_CODE = YES;
				CLANG_WARN__DUPLICATE_METHOD_MATCH = YES;
				COPY_PHASE_STRIP = NO;
				DEBUG_INFORMATION_FORMAT = dwarf;
				ENABLE_STRICT_OBJC_MSGSEND = YES;
				ENABLE_TESTABILITY = YES;
				GCC_C_LANGUAGE_STANDARD = gnu11;
				GCC_DYNAMIC_NO_PIC = NO;
				GCC_NO_COMMON_BLOCKS = YES;
				GCC_OPTIMIZATION_LEVEL = 0;
				GCC_PREPROCESSOR_DEFINITIONS = (
					"DEBUG=1",
					"$(inherited)",
				);
				GCC_WARN_64_TO_32_BIT_CONVERSION = YES;
				GCC_WARN_ABOUT_RETURN_TYPE = YES_ERROR;
				GCC_WARN_UNDECLARED_SELECTOR = YES;
				GCC_WARN_UNINITIALIZED_AUTOS = YES_AGGRESSIVE;
				GCC_WARN_UNUSED_FUNCTION = YES;
				GCC_WARN_UNUSED_VARIABLE = YES;
				IPHONEOS_DEPLOYMENT_TARGET = 15.4;
				MTL_ENABLE_DEBUG_INFO = INCLUDE_SOURCE;
				MTL_FAST_MATH = YES;
				ONLY_ACTIVE_ARCH = YES;
				SDKROOT = iphoneos;
				SWIFT_ACTIVE_COMPILATION_CONDITIONS = DEBUG;
				SWIFT_OPTIMIZATION_LEVEL = "-Onone";
			};
			name = Debug;
		};
		5A403E0328C5313E007B97D4 /* Release */ = {
			isa = XCBuildConfiguration;
			buildSettings = {
				ALWAYS_SEARCH_USER_PATHS = NO;
				CLANG_ANALYZER_NONNULL = YES;
				CLANG_ANALYZER_NUMBER_OBJECT_CONVERSION = YES_AGGRESSIVE;
				CLANG_CXX_LANGUAGE_STANDARD = "gnu++17";
				CLANG_ENABLE_MODULES = YES;
				CLANG_ENABLE_OBJC_ARC = YES;
				CLANG_ENABLE_OBJC_WEAK = YES;
				CLANG_WARN_BLOCK_CAPTURE_AUTORELEASING = YES;
				CLANG_WARN_BOOL_CONVERSION = YES;
				CLANG_WARN_COMMA = YES;
				CLANG_WARN_CONSTANT_CONVERSION = YES;
				CLANG_WARN_DEPRECATED_OBJC_IMPLEMENTATIONS = YES;
				CLANG_WARN_DIRECT_OBJC_ISA_USAGE = YES_ERROR;
				CLANG_WARN_DOCUMENTATION_COMMENTS = YES;
				CLANG_WARN_EMPTY_BODY = YES;
				CLANG_WARN_ENUM_CONVERSION = YES;
				CLANG_WARN_INFINITE_RECURSION = YES;
				CLANG_WARN_INT_CONVERSION = YES;
				CLANG_WARN_NON_LITERAL_NULL_CONVERSION = YES;
				CLANG_WARN_OBJC_IMPLICIT_RETAIN_SELF = YES;
				CLANG_WARN_OBJC_LITERAL_CONVERSION = YES;
				CLANG_WARN_OBJC_ROOT_CLASS = YES_ERROR;
				CLANG_WARN_QUOTED_INCLUDE_IN_FRAMEWORK_HEADER = YES;
				CLANG_WARN_RANGE_LOOP_ANALYSIS = YES;
				CLANG_WARN_STRICT_PROTOTYPES = YES;
				CLANG_WARN_SUSPICIOUS_MOVE = YES;
				CLANG_WARN_UNGUARDED_AVAILABILITY = YES_AGGRESSIVE;
				CLANG_WARN_UNREACHABLE_CODE = YES;
				CLANG_WARN__DUPLICATE_METHOD_MATCH = YES;
				COPY_PHASE_STRIP = NO;
				DEBUG_INFORMATION_FORMAT = "dwarf-with-dsym";
				ENABLE_NS_ASSERTIONS = NO;
				ENABLE_STRICT_OBJC_MSGSEND = YES;
				GCC_C_LANGUAGE_STANDARD = gnu11;
				GCC_NO_COMMON_BLOCKS = YES;
				GCC_WARN_64_TO_32_BIT_CONVERSION = YES;
				GCC_WARN_ABOUT_RETURN_TYPE = YES_ERROR;
				GCC_WARN_UNDECLARED_SELECTOR = YES;
				GCC_WARN_UNINITIALIZED_AUTOS = YES_AGGRESSIVE;
				GCC_WARN_UNUSED_FUNCTION = YES;
				GCC_WARN_UNUSED_VARIABLE = YES;
				IPHONEOS_DEPLOYMENT_TARGET = 15.4;
				MTL_ENABLE_DEBUG_INFO = NO;
				MTL_FAST_MATH = YES;
				SDKROOT = iphoneos;
				SWIFT_COMPILATION_MODE = wholemodule;
				SWIFT_OPTIMIZATION_LEVEL = "-O";
				VALIDATE_PRODUCT = YES;
			};
			name = Release;
		};
		5A403E0528C5313E007B97D4 /* Debug */ = {
			isa = XCBuildConfiguration;
			buildSettings = {
				ASSETCATALOG_COMPILER_APPICON_NAME = AppIcon;
				ASSETCATALOG_COMPILER_GLOBAL_ACCENT_COLOR_NAME = AccentColor;
				CODE_SIGN_IDENTITY = "Apple Development";
				CODE_SIGN_STYLE = Automatic;
				CURRENT_PROJECT_VERSION = 1;
				DEVELOPMENT_TEAM = 6XEK7RQXGD;
				GENERATE_INFOPLIST_FILE = YES;
				INFOPLIST_FILE = Locus/Info.plist;
				INFOPLIST_KEY_UIApplicationSupportsIndirectInputEvents = YES;
				INFOPLIST_KEY_UILaunchStoryboardName = LaunchScreen;
				INFOPLIST_KEY_UIMainStoryboardFile = Main;
				INFOPLIST_KEY_UISupportedInterfaceOrientations_iPad = "UIInterfaceOrientationPortrait UIInterfaceOrientationPortraitUpsideDown UIInterfaceOrientationLandscapeLeft UIInterfaceOrientationLandscapeRight";
				INFOPLIST_KEY_UISupportedInterfaceOrientations_iPhone = "UIInterfaceOrientationPortrait UIInterfaceOrientationLandscapeLeft UIInterfaceOrientationLandscapeRight";
				LD_RUNPATH_SEARCH_PATHS = (
					"$(inherited)",
					"@executable_path/Frameworks",
				);
				MARKETING_VERSION = 1.0;
				PRODUCT_BUNDLE_IDENTIFIER = GodwinA.Locus;
				PRODUCT_NAME = "$(TARGET_NAME)";
				PROVISIONING_PROFILE_SPECIFIER = "";
				SWIFT_EMIT_LOC_STRINGS = YES;
				SWIFT_VERSION = 5.0;
				TARGETED_DEVICE_FAMILY = "1,2";
			};
			name = Debug;
		};
		5A403E0628C5313E007B97D4 /* Release */ = {
			isa = XCBuildConfiguration;
			buildSettings = {
				ASSETCATALOG_COMPILER_APPICON_NAME = AppIcon;
				ASSETCATALOG_COMPILER_GLOBAL_ACCENT_COLOR_NAME = AccentColor;
				CODE_SIGN_IDENTITY = "Apple Development";
				CODE_SIGN_STYLE = Automatic;
				CURRENT_PROJECT_VERSION = 1;
				DEVELOPMENT_TEAM = 6XEK7RQXGD;
				GENERATE_INFOPLIST_FILE = YES;
				INFOPLIST_FILE = Locus/Info.plist;
				INFOPLIST_KEY_UIApplicationSupportsIndirectInputEvents = YES;
				INFOPLIST_KEY_UILaunchStoryboardName = LaunchScreen;
				INFOPLIST_KEY_UIMainStoryboardFile = Main;
				INFOPLIST_KEY_UISupportedInterfaceOrientations_iPad = "UIInterfaceOrientationPortrait UIInterfaceOrientationPortraitUpsideDown UIInterfaceOrientationLandscapeLeft UIInterfaceOrientationLandscapeRight";
				INFOPLIST_KEY_UISupportedInterfaceOrientations_iPhone = "UIInterfaceOrientationPortrait UIInterfaceOrientationLandscapeLeft UIInterfaceOrientationLandscapeRight";
				LD_RUNPATH_SEARCH_PATHS = (
					"$(inherited)",
					"@executable_path/Frameworks",
				);
				MARKETING_VERSION = 1.0;
				PRODUCT_BUNDLE_IDENTIFIER = GodwinA.Locus;
				PRODUCT_NAME = "$(TARGET_NAME)";
				PROVISIONING_PROFILE_SPECIFIER = "";
				SWIFT_EMIT_LOC_STRINGS = YES;
				SWIFT_VERSION = 5.0;
				TARGETED_DEVICE_FAMILY = "1,2";
			};
			name = Release;
		};
/* End XCBuildConfiguration section */

/* Begin XCConfigurationList section */
		5A403DEB28C5313D007B97D4 /* Build configuration list for PBXProject "Locus" */ = {
			isa = XCConfigurationList;
			buildConfigurations = (
				5A403E0228C5313E007B97D4 /* Debug */,
				5A403E0328C5313E007B97D4 /* Release */,
			);
			defaultConfigurationIsVisible = 0;
			defaultConfigurationName = Release;
		};
		5A403E0428C5313E007B97D4 /* Build configuration list for PBXNativeTarget "Locus" */ = {
			isa = XCConfigurationList;
			buildConfigurations = (
				5A403E0528C5313E007B97D4 /* Debug */,
				5A403E0628C5313E007B97D4 /* Release */,
			);
			defaultConfigurationIsVisible = 0;
			defaultConfigurationName = Release;
		};
/* End XCConfigurationList section */
	};
	rootObject = 5A403DE828C5313D007B97D4 /* Project object */;
}
